
Microsoft Visual Studio Solution File, Format Version 12.00
# Visual Studio Version 16
VisualStudioVersion = 16.0.30804.86
MinimumVisualStudioVersion = 10.0.40219.1
Project("{F2A71F9B-5D33-465A-A702-920D77279786}") = "MySDL2", "MySDL2\MySDL2.fsproj", "{9CF98596-1BA6-42F5-BBEA-8DB299E506C1}"
EndProject
Project("{F2A71F9B-5D33-465A-A702-920D77279786}") = "Game3", "Game3\Game3.fsproj", "{FF53A9FE-6C9A-4851-AEDC-1C09AF0DDABE}"
EndProject
Global
	GlobalSection(SolutionConfigurationPlatforms) = preSolution
		Debug|Any CPU = Debug|Any CPU
		Release|Any CPU = Release|Any CPU
	EndGlobalSection
	GlobalSection(ProjectConfigurationPlatforms) = postSolution
		{9CF98596-1BA6-42F5-BBEA-8DB299E506C1}.Debug|Any CPU.ActiveCfg = Debug|Any CPU
		{9CF98596-1BA6-42F5-BBEA-8DB299E506C1}.Debug|Any CPU.Build.0 = Debug|Any CPU
		{9CF98596-1BA6-42F5-BBEA-8DB299E506C1}.Release|Any CPU.ActiveCfg = Release|Any CPU
		{9CF98596-1BA6-42F5-BBEA-8DB299E506C1}.Release|Any CPU.Build.0 = Release|Any CPU
		{FF53A9FE-6C9A-4851-AEDC-1C09AF0DDABE}.Debug|Any CPU.ActiveCfg = Debug|Any CPU
		{FF53A9FE-6C9A-4851-AEDC-1C09AF0DDABE}.Debug|Any CPU.Build.0 = Debug|Any CPU
		{FF53A9FE-6C9A-4851-AEDC-1C09AF0DDABE}.Release|Any CPU.ActiveCfg = Release|Any CPU
		{FF53A9FE-6C9A-4851-AEDC-1C09AF0DDABE}.Release|Any CPU.Build.0 = Release|Any CPU
	EndGlobalSection
	GlobalSection(SolutionProperties) = preSolution
		HideSolutionNode = FALSE
	EndGlobalSection
	GlobalSection(ExtensibilityGlobals) = postSolution
		SolutionGuid = {380DA571-6326-4A52-AB48-E8F0F6812BDC}
	EndGlobalSection
EndGlobal
